
Microsoft Visual Studio Solution File, Format Version 12.00
# Visual Studio Version 17
VisualStudioVersion = 17.8.34408.163
MinimumVisualStudioVersion = 10.0.40219.1
Project("{2150E333-8FDC-42A3-9474-1A3956D46DE8}") = "Services", "Services", "{1E7F68EE-C334-4F7E-AE6A-B90276639EF1}"
EndProject
Project("{2150E333-8FDC-42A3-9474-1A3956D46DE8}") = "Catalog", "Catalog", "{090A31C8-D54A-4024-BE49-EF21C23CE773}"
EndProject
Project("{9A19103F-16F7-4668-BE54-9A1E7A4F7556}") = "Catalog.API", "Services\Catalog\Catalog.API\Catalog.API.csproj", "{D83AC79C-ACCC-480A-9CA3-D5F76B6B084B}"
EndProject
Project("{2150E333-8FDC-42A3-9474-1A3956D46DE8}") = "BuildingBlocks", "BuildingBlocks", "{2D2FA41A-03AB-4FA4-A707-6C17CE7008A1}"
EndProject
Project("{9A19103F-16F7-4668-BE54-9A1E7A4F7556}") = "BuildingBlocks", "BuildingBlocks\BuildingBlocks\BuildingBlocks.csproj", "{B618A031-2387-48FD-99A4-2E48AD939EC8}"
EndProject
Project("{E53339B2-1760-4266-BCC7-CA923CBCF16C}") = "docker-compose", "docker-compose.dcproj", "{882864FB-CE78-4E44-A558-4F053BE21080}"
EndProject
Project("{2150E333-8FDC-42A3-9474-1A3956D46DE8}") = "Basket", "Basket", "{99696A4E-AA86-4730-B606-79178203D162}"
EndProject
Project("{9A19103F-16F7-4668-BE54-9A1E7A4F7556}") = "Basket.API", "Services\Basket\Basket.API\Basket.API.csproj", "{E3FA45D4-1A89-49EF-8735-F3D176CCD375}"
EndProject
Project("{2150E333-8FDC-42A3-9474-1A3956D46DE8}") = "Discount", "Discount", "{19B2D66B-E61D-4D4B-9E0F-5DB424953647}"
EndProject
Project("{9A19103F-16F7-4668-BE54-9A1E7A4F7556}") = "Discount.Grpc", "Services\Discount\Discount.Grpc\Discount.Grpc.csproj", "{E725E9B4-C136-4473-8578-4A9B509F62AC}"
EndProject
Project("{2150E333-8FDC-42A3-9474-1A3956D46DE8}") = "Ordering", "Ordering", "{206B9C03-7A6C-4DF1-ACC3-56A1B5B20E9E}"
EndProject
Project("{9A19103F-16F7-4668-BE54-9A1E7A4F7556}") = "Ordering.API", "Services\Ordering\Ordering.API\Ordering.API.csproj", "{0899B058-7A4F-4C5D-A1E8-C774D0796C4B}"
EndProject
Project("{FAE04EC0-301F-11D3-BF4B-00C04F79EFBC}") = "Ordering.Domain", "Services\Ordering\Ordering.Domain\Ordering.Domain.csproj", "{806ECF5D-A2C4-4750-A1F6-10B5F3CAEBBA}"
EndProject
Project("{FAE04EC0-301F-11D3-BF4B-00C04F79EFBC}") = "Ordering.Application", "Services\Ordering\Ordering.Application\Ordering.Application.csproj", "{F5AFA57B-87A9-48AD-88D0-90B9037612C5}"
EndProject
Project("{FAE04EC0-301F-11D3-BF4B-00C04F79EFBC}") = "Ordering.Infrastructure", "Services\Ordering\Ordering.Infrastructure\Ordering.Infrastructure.csproj", "{A5A0DD44-5239-4A35-831A-90A1626175D9}"
EndProject
Global
	GlobalSection(SolutionConfigurationPlatforms) = preSolution
		Debug|Any CPU = Debug|Any CPU
		Release|Any CPU = Release|Any CPU
	EndGlobalSection
	GlobalSection(ProjectConfigurationPlatforms) = postSolution
		{D83AC79C-ACCC-480A-9CA3-D5F76B6B084B}.Debug|Any CPU.ActiveCfg = Debug|Any CPU
		{D83AC79C-ACCC-480A-9CA3-D5F76B6B084B}.Debug|Any CPU.Build.0 = Debug|Any CPU
		{D83AC79C-ACCC-480A-9CA3-D5F76B6B084B}.Release|Any CPU.ActiveCfg = Release|Any CPU
		{D83AC79C-ACCC-480A-9CA3-D5F76B6B084B}.Release|Any CPU.Build.0 = Release|Any CPU
		{B618A031-2387-48FD-99A4-2E48AD939EC8}.Debug|Any CPU.ActiveCfg = Debug|Any CPU
		{B618A031-2387-48FD-99A4-2E48AD939EC8}.Debug|Any CPU.Build.0 = Debug|Any CPU
		{B618A031-2387-48FD-99A4-2E48AD939EC8}.Release|Any CPU.ActiveCfg = Release|Any CPU
		{B618A031-2387-48FD-99A4-2E48AD939EC8}.Release|Any CPU.Build.0 = Release|Any CPU
		{882864FB-CE78-4E44-A558-4F053BE21080}.Debug|Any CPU.ActiveCfg = Debug|Any CPU
		{882864FB-CE78-4E44-A558-4F053BE21080}.Debug|Any CPU.Build.0 = Debug|Any CPU
		{882864FB-CE78-4E44-A558-4F053BE21080}.Release|Any CPU.ActiveCfg = Release|Any CPU
		{882864FB-CE78-4E44-A558-4F053BE21080}.Release|Any CPU.Build.0 = Release|Any CPU
		{E3FA45D4-1A89-49EF-8735-F3D176CCD375}.Debug|Any CPU.ActiveCfg = Debug|Any CPU
		{E3FA45D4-1A89-49EF-8735-F3D176CCD375}.Debug|Any CPU.Build.0 = Debug|Any CPU
		{E3FA45D4-1A89-49EF-8735-F3D176CCD375}.Release|Any CPU.ActiveCfg = Release|Any CPU
		{E3FA45D4-1A89-49EF-8735-F3D176CCD375}.Release|Any CPU.Build.0 = Release|Any CPU
		{E725E9B4-C136-4473-8578-4A9B509F62AC}.Debug|Any CPU.ActiveCfg = Debug|Any CPU
		{E725E9B4-C136-4473-8578-4A9B509F62AC}.Debug|Any CPU.Build.0 = Debug|Any CPU
		{E725E9B4-C136-4473-8578-4A9B509F62AC}.Release|Any CPU.ActiveCfg = Release|Any CPU
		{E725E9B4-C136-4473-8578-4A9B509F62AC}.Release|Any CPU.Build.0 = Release|Any CPU
		{0899B058-7A4F-4C5D-A1E8-C774D0796C4B}.Debug|Any CPU.ActiveCfg = Debug|Any CPU
		{0899B058-7A4F-4C5D-A1E8-C774D0796C4B}.Debug|Any CPU.Build.0 = Debug|Any CPU
		{0899B058-7A4F-4C5D-A1E8-C774D0796C4B}.Release|Any CPU.ActiveCfg = Release|Any CPU
		{0899B058-7A4F-4C5D-A1E8-C774D0796C4B}.Release|Any CPU.Build.0 = Release|Any CPU
		{806ECF5D-A2C4-4750-A1F6-10B5F3CAEBBA}.Debug|Any CPU.ActiveCfg = Debug|Any CPU
		{806ECF5D-A2C4-4750-A1F6-10B5F3CAEBBA}.Debug|Any CPU.Build.0 = Debug|Any CPU
		{806ECF5D-A2C4-4750-A1F6-10B5F3CAEBBA}.Release|Any CPU.ActiveCfg = Release|Any CPU
		{806ECF5D-A2C4-4750-A1F6-10B5F3CAEBBA}.Release|Any CPU.Build.0 = Release|Any CPU
		{F5AFA57B-87A9-48AD-88D0-90B9037612C5}.Debug|Any CPU.ActiveCfg = Debug|Any CPU
		{F5AFA57B-87A9-48AD-88D0-90B9037612C5}.Debug|Any CPU.Build.0 = Debug|Any CPU
		{F5AFA57B-87A9-48AD-88D0-90B9037612C5}.Release|Any CPU.ActiveCfg = Release|Any CPU
		{F5AFA57B-87A9-48AD-88D0-90B9037612C5}.Release|Any CPU.Build.0 = Release|Any CPU
		{A5A0DD44-5239-4A35-831A-90A1626175D9}.Debug|Any CPU.ActiveCfg = Debug|Any CPU
		{A5A0DD44-5239-4A35-831A-90A1626175D9}.Debug|Any CPU.Build.0 = Debug|Any CPU
		{A5A0DD44-5239-4A35-831A-90A1626175D9}.Release|Any CPU.ActiveCfg = Release|Any CPU
		{A5A0DD44-5239-4A35-831A-90A1626175D9}.Release|Any CPU.Build.0 = Release|Any CPU
	EndGlobalSection
	GlobalSection(SolutionProperties) = preSolution
		HideSolutionNode = FALSE
	EndGlobalSection
	GlobalSection(NestedProjects) = preSolution
		{090A31C8-D54A-4024-BE49-EF21C23CE773} = {1E7F68EE-C334-4F7E-AE6A-B90276639EF1}
		{D83AC79C-ACCC-480A-9CA3-D5F76B6B084B} = {090A31C8-D54A-4024-BE49-EF21C23CE773}
		{B618A031-2387-48FD-99A4-2E48AD939EC8} = {2D2FA41A-03AB-4FA4-A707-6C17CE7008A1}
		{99696A4E-AA86-4730-B606-79178203D162} = {1E7F68EE-C334-4F7E-AE6A-B90276639EF1}
		{E3FA45D4-1A89-49EF-8735-F3D176CCD375} = {99696A4E-AA86-4730-B606-79178203D162}
		{19B2D66B-E61D-4D4B-9E0F-5DB424953647} = {1E7F68EE-C334-4F7E-AE6A-B90276639EF1}
		{E725E9B4-C136-4473-8578-4A9B509F62AC} = {19B2D66B-E61D-4D4B-9E0F-5DB424953647}
		{206B9C03-7A6C-4DF1-ACC3-56A1B5B20E9E} = {1E7F68EE-C334-4F7E-AE6A-B90276639EF1}
		{0899B058-7A4F-4C5D-A1E8-C774D0796C4B} = {206B9C03-7A6C-4DF1-ACC3-56A1B5B20E9E}
		{806ECF5D-A2C4-4750-A1F6-10B5F3CAEBBA} = {206B9C03-7A6C-4DF1-ACC3-56A1B5B20E9E}
		{F5AFA57B-87A9-48AD-88D0-90B9037612C5} = {206B9C03-7A6C-4DF1-ACC3-56A1B5B20E9E}
		{A5A0DD44-5239-4A35-831A-90A1626175D9} = {206B9C03-7A6C-4DF1-ACC3-56A1B5B20E9E}
	EndGlobalSection
	GlobalSection(ExtensibilityGlobals) = postSolution
		SolutionGuid = {603D86BC-7CA7-4319-9790-45BC1DA29423}
	EndGlobalSection
EndGlobal
